
Microsoft Visual Studio Solution File, Format Version 12.00
# Visual Studio Version 16
VisualStudioVersion = 16.0.30330.147
MinimumVisualStudioVersion = 10.0.40219.1
Project("{9A19103F-16F7-4668-BE54-9A1E7A4F7556}") = "Blog.Server", "Server\Blog.Server.csproj", "{A9341908-C338-4CD1-8C63-937A47AC5AE4}"
EndProject
Project("{9A19103F-16F7-4668-BE54-9A1E7A4F7556}") = "Blog.Client", "Client\Blog.Client.csproj", "{202689F5-828C-4C59-B78F-B47E41EF1C66}"
EndProject
Project("{9A19103F-16F7-4668-BE54-9A1E7A4F7556}") = "Blog.Shared", "Shared\Blog.Shared.csproj", "{775A5DFE-FC1F-4279-89D0-4218AB991221}"
EndProject
Global
	GlobalSection(SolutionConfigurationPlatforms) = preSolution
		Debug|Any CPU = Debug|Any CPU
		Release|Any CPU = Release|Any CPU
	EndGlobalSection
	GlobalSection(ProjectConfigurationPlatforms) = postSolution
		{A9341908-C338-4CD1-8C63-937A47AC5AE4}.Debug|Any CPU.ActiveCfg = Debug|Any CPU
		{A9341908-C338-4CD1-8C63-937A47AC5AE4}.Debug|Any CPU.Build.0 = Debug|Any CPU
		{A9341908-C338-4CD1-8C63-937A47AC5AE4}.Release|Any CPU.ActiveCfg = Release|Any CPU
		{A9341908-C338-4CD1-8C63-937A47AC5AE4}.Release|Any CPU.Build.0 = Release|Any CPU
		{202689F5-828C-4C59-B78F-B47E41EF1C66}.Debug|Any CPU.ActiveCfg = Debug|Any CPU
		{202689F5-828C-4C59-B78F-B47E41EF1C66}.Debug|Any CPU.Build.0 = Debug|Any CPU
		{202689F5-828C-4C59-B78F-B47E41EF1C66}.Release|Any CPU.ActiveCfg = Release|Any CPU
		{202689F5-828C-4C59-B78F-B47E41EF1C66}.Release|Any CPU.Build.0 = Release|Any CPU
		{775A5DFE-FC1F-4279-89D0-4218AB991221}.Debug|Any CPU.ActiveCfg = Debug|Any CPU
		{775A5DFE-FC1F-4279-89D0-4218AB991221}.Debug|Any CPU.Build.0 = Debug|Any CPU
		{775A5DFE-FC1F-4279-89D0-4218AB991221}.Release|Any CPU.ActiveCfg = Release|Any CPU
		{775A5DFE-FC1F-4279-89D0-4218AB991221}.Release|Any CPU.Build.0 = Release|Any CPU
	EndGlobalSection
	GlobalSection(SolutionProperties) = preSolution
		HideSolutionNode = FALSE
	EndGlobalSection
	GlobalSection(ExtensibilityGlobals) = postSolution
		SolutionGuid = {B909A323-ADB2-4971-89B7-BB4BEC8C0B86}
	EndGlobalSection
EndGlobal
